
Microsoft Visual Studio Solution File, Format Version 12.00
# Visual Studio 15
VisualStudioVersion = 15.0.27130.2024
MinimumVisualStudioVersion = 10.0.40219.1
Project("{9A19103F-16F7-4668-BE54-9A1E7A4F7556}") = "Readmeter", "Readmeter\Readmeter.csproj", "{6F925F7D-9A09-4DCD-A78E-17BC1E0FCE5E}"
EndProject
Project("{E53339B2-1760-4266-BCC7-CA923CBCF16C}") = "docker-compose", "docker-compose.dcproj", "{F5DB8260-A469-435E-B58A-E1A89655BF2C}"
EndProject
Global
	GlobalSection(SolutionConfigurationPlatforms) = preSolution
		Debug|Any CPU = Debug|Any CPU
		Release|Any CPU = Release|Any CPU
	EndGlobalSection
	GlobalSection(ProjectConfigurationPlatforms) = postSolution
		{6F925F7D-9A09-4DCD-A78E-17BC1E0FCE5E}.Debug|Any CPU.ActiveCfg = Debug|Any CPU
		{6F925F7D-9A09-4DCD-A78E-17BC1E0FCE5E}.Debug|Any CPU.Build.0 = Debug|Any CPU
		{6F925F7D-9A09-4DCD-A78E-17BC1E0FCE5E}.Release|Any CPU.ActiveCfg = Release|Any CPU
		{6F925F7D-9A09-4DCD-A78E-17BC1E0FCE5E}.Release|Any CPU.Build.0 = Release|Any CPU
		{F5DB8260-A469-435E-B58A-E1A89655BF2C}.Debug|Any CPU.ActiveCfg = Debug|Any CPU
		{F5DB8260-A469-435E-B58A-E1A89655BF2C}.Debug|Any CPU.Build.0 = Debug|Any CPU
		{F5DB8260-A469-435E-B58A-E1A89655BF2C}.Release|Any CPU.ActiveCfg = Release|Any CPU
		{F5DB8260-A469-435E-B58A-E1A89655BF2C}.Release|Any CPU.Build.0 = Release|Any CPU
	EndGlobalSection
	GlobalSection(SolutionProperties) = preSolution
		HideSolutionNode = FALSE
	EndGlobalSection
	GlobalSection(ExtensibilityGlobals) = postSolution
		SolutionGuid = {0D99BF2A-9EA5-458C-9264-4D8CCBF13FBF}
	EndGlobalSection
EndGlobal
